// !$*UTF8*$!
{
	archiveVersion = 1;
	classes = {
	};
	objectVersion = 50;
	objects = {

/* Begin PBXBuildFile section */
		02054B812429B7E0003F886B /* PlayVideo.swift in Sources */ = {isa = PBXBuildFile; fileRef = 02054B802429B7E0003F886B /* PlayVideo.swift */; };
		02054B842429CFEF003F886B /* PlayWeb.swift in Sources */ = {isa = PBXBuildFile; fileRef = 02054B832429CFEF003F886B /* PlayWeb.swift */; };
		02054B86242A3514003F886B /* youtube.html in Resources */ = {isa = PBXBuildFile; fileRef = 02054B85242A3514003F886B /* youtube.html */; };
		020DDE5024286AFC000DBB42 /* AppDelegate.swift in Sources */ = {isa = PBXBuildFile; fileRef = 020DDE4F24286AFC000DBB42 /* AppDelegate.swift */; };
		020DDE5524286AFC000DBB42 /* DataModel.xcdatamodeld in Sources */ = {isa = PBXBuildFile; fileRef = 020DDE5324286AFC000DBB42 /* DataModel.xcdatamodeld */; };
		020DDE5924286AFE000DBB42 /* Assets.xcassets in Resources */ = {isa = PBXBuildFile; fileRef = 020DDE5824286AFE000DBB42 /* Assets.xcassets */; };
		020DDE5C24286AFE000DBB42 /* Preview Assets.xcassets in Resources */ = {isa = PBXBuildFile; fileRef = 020DDE5B24286AFE000DBB42 /* Preview Assets.xcassets */; };
		020DDE5F24286AFE000DBB42 /* BaseScreen.storyboard in Resources */ = {isa = PBXBuildFile; fileRef = 020DDE5D24286AFE000DBB42 /* BaseScreen.storyboard */; };
		020DDE6A24286AFE000DBB42 /* MiksingTests.swift in Sources */ = {isa = PBXBuildFile; fileRef = 020DDE6924286AFE000DBB42 /* MiksingTests.swift */; };
		020DDE7524286AFE000DBB42 /* MiksingUITests.swift in Sources */ = {isa = PBXBuildFile; fileRef = 020DDE7424286AFE000DBB42 /* MiksingUITests.swift */; };
		020DDE852428EE84000DBB42 /* GoogleService-Info.plist in Resources */ = {isa = PBXBuildFile; fileRef = 020DDE842428EE84000DBB42 /* GoogleService-Info.plist */; };
		023A34E4244CFAE1001AD8C2 /* ViewCollection.swift in Sources */ = {isa = PBXBuildFile; fileRef = 023A34E3244CFAE1001AD8C2 /* ViewCollection.swift */; };
		0243A96B242F6DD200E028F4 /* Song.swift in Sources */ = {isa = PBXBuildFile; fileRef = 0243A969242F6DD200E028F4 /* Song.swift */; };
		0243A96C242F6DD200E028F4 /* SongProperties.swift in Sources */ = {isa = PBXBuildFile; fileRef = 0243A96A242F6DD200E028F4 /* SongProperties.swift */; };
		0243A96E242F81E200E028F4 /* DataNotation.swift in Sources */ = {isa = PBXBuildFile; fileRef = 0243A96D242F81E200E028F4 /* DataNotation.swift */; };
		0243A975242FCEC100E028F4 /* TubeController.swift in Sources */ = {isa = PBXBuildFile; fileRef = 0243A974242FCEC100E028F4 /* TubeController.swift */; };
		0243A977242FCF9800E028F4 /* ListController.swift in Sources */ = {isa = PBXBuildFile; fileRef = 0243A976242FCF9800E028F4 /* ListController.swift */; };
		0243A981242FF62100E028F4 /* TubeLocalizable.strings in Resources */ = {isa = PBXBuildFile; fileRef = 0243A983242FF62100E028F4 /* TubeLocalizable.strings */; };
		0243A98D242FFBD900E028F4 /* HomeScreen.storyboard in Resources */ = {isa = PBXBuildFile; fileRef = 0243A98F242FFBD900E028F4 /* HomeScreen.storyboard */; };
		0251780C24293A0E0080EC2D /* DataRealtime.swift in Sources */ = {isa = PBXBuildFile; fileRef = 0251780B24293A0E0080EC2D /* DataRealtime.swift */; };
		02517818242956650080EC2D /* SongController.swift in Sources */ = {isa = PBXBuildFile; fileRef = 02517817242956650080EC2D /* SongController.swift */; };
		0251781A24296F980080EC2D /* SongSelected.swift in Sources */ = {isa = PBXBuildFile; fileRef = 0251781924296F980080EC2D /* SongSelected.swift */; };
		0251781E242979430080EC2D /* ListRow.swift in Sources */ = {isa = PBXBuildFile; fileRef = 0251781D242979430080EC2D /* ListRow.swift */; };
		025C0B64244CC06100F6486E /* logo-animated.mp4 in Resources */ = {isa = PBXBuildFile; fileRef = 025C0B63244CC06100F6486E /* logo-animated.mp4 */; };
		027EADC2243295B5005EF01A /* HomeController.swift in Sources */ = {isa = PBXBuildFile; fileRef = 027EADC1243295B5005EF01A /* HomeController.swift */; };
		027EADD22433881A005EF01A /* UserHelper.swift in Sources */ = {isa = PBXBuildFile; fileRef = 027EADD12433881A005EF01A /* UserHelper.swift */; };
		027EADD524338F16005EF01A /* Tube.swift in Sources */ = {isa = PBXBuildFile; fileRef = 027EADD324338F16005EF01A /* Tube.swift */; };
		027EADD624338F16005EF01A /* TubeProperties.swift in Sources */ = {isa = PBXBuildFile; fileRef = 027EADD424338F16005EF01A /* TubeProperties.swift */; };
		027EADD82434D205005EF01A /* TintColor.swift in Sources */ = {isa = PBXBuildFile; fileRef = 027EADD72434D205005EF01A /* TintColor.swift */; };
		027EADDA2434D520005EF01A /* ListSection.swift in Sources */ = {isa = PBXBuildFile; fileRef = 027EADD92434D520005EF01A /* ListSection.swift */; };
		02E37E84244F6E3A00C663BC /* TubeChoices.swift in Sources */ = {isa = PBXBuildFile; fileRef = 02E37E83244F6E3A00C663BC /* TubeChoices.swift */; };
		02E37E86244FAB9C00C663BC /* TubeHeader.swift in Sources */ = {isa = PBXBuildFile; fileRef = 02E37E85244FAB9C00C663BC /* TubeHeader.swift */; };
		02E59BB424310AB80005D06A /* HomePager.swift in Sources */ = {isa = PBXBuildFile; fileRef = 02E59BB324310AB70005D06A /* HomePager.swift */; };
		23BD2E390CAC68383577311C /* libPods-MiksingTests.a in Frameworks */ = {isa = PBXBuildFile; fileRef = E8DC5DD92E390577D9A35959 /* libPods-MiksingTests.a */; };
		412D002F261992573F7DBF8C /* libPods-Miksing.a in Frameworks */ = {isa = PBXBuildFile; fileRef = 31B3133834A6CA6F0B8227F0 /* libPods-Miksing.a */; };
		DCD89111F309439E237570A8 /* libPods-Miksing-MiksingUITests.a in Frameworks */ = {isa = PBXBuildFile; fileRef = 46BA42535400CECD59EC7523 /* libPods-Miksing-MiksingUITests.a */; };
/* End PBXBuildFile section */

/* Begin PBXContainerItemProxy section */
		020DDE6624286AFE000DBB42 /* PBXContainerItemProxy */ = {
			isa = PBXContainerItemProxy;
			containerPortal = 020DDE4424286AFC000DBB42 /* Project object */;
			proxyType = 1;
			remoteGlobalIDString = 020DDE4B24286AFC000DBB42;
			remoteInfo = Miksing;
		};
		020DDE7124286AFE000DBB42 /* PBXContainerItemProxy */ = {
			isa = PBXContainerItemProxy;
			containerPortal = 020DDE4424286AFC000DBB42 /* Project object */;
			proxyType = 1;
			remoteGlobalIDString = 020DDE4B24286AFC000DBB42;
			remoteInfo = Miksing;
		};
/* End PBXContainerItemProxy section */

/* Begin PBXFileReference section */
		02054B802429B7E0003F886B /* PlayVideo.swift */ = {isa = PBXFileReference; lastKnownFileType = sourcecode.swift; path = PlayVideo.swift; sourceTree = "<group>"; };
		02054B832429CFEF003F886B /* PlayWeb.swift */ = {isa = PBXFileReference; lastKnownFileType = sourcecode.swift; path = PlayWeb.swift; sourceTree = "<group>"; };
		02054B85242A3514003F886B /* youtube.html */ = {isa = PBXFileReference; fileEncoding = 4; lastKnownFileType = text.html; path = youtube.html; sourceTree = "<group>"; };
		020DDE4C24286AFC000DBB42 /* Miksing.app */ = {isa = PBXFileReference; explicitFileType = wrapper.application; includeInIndex = 0; path = Miksing.app; sourceTree = BUILT_PRODUCTS_DIR; };
		020DDE4F24286AFC000DBB42 /* AppDelegate.swift */ = {isa = PBXFileReference; lastKnownFileType = sourcecode.swift; path = AppDelegate.swift; sourceTree = "<group>"; };
		020DDE5424286AFC000DBB42 /* Miksing.xcdatamodel */ = {isa = PBXFileReference; lastKnownFileType = wrapper.xcdatamodel; path = Miksing.xcdatamodel; sourceTree = "<group>"; };
		020DDE5824286AFE000DBB42 /* Assets.xcassets */ = {isa = PBXFileReference; lastKnownFileType = folder.assetcatalog; path = Assets.xcassets; sourceTree = "<group>"; };
		020DDE5B24286AFE000DBB42 /* Preview Assets.xcassets */ = {isa = PBXFileReference; lastKnownFileType = folder.assetcatalog; path = "Preview Assets.xcassets"; sourceTree = "<group>"; };
		020DDE5E24286AFE000DBB42 /* Base */ = {isa = PBXFileReference; lastKnownFileType = file.storyboard; name = Base; path = Base.lproj/BaseScreen.storyboard; sourceTree = "<group>"; };
		020DDE6024286AFE000DBB42 /* Info.plist */ = {isa = PBXFileReference; lastKnownFileType = text.plist.xml; path = Info.plist; sourceTree = "<group>"; };
		020DDE6524286AFE000DBB42 /* MiksingTests.xctest */ = {isa = PBXFileReference; explicitFileType = wrapper.cfbundle; includeInIndex = 0; path = MiksingTests.xctest; sourceTree = BUILT_PRODUCTS_DIR; };
		020DDE6924286AFE000DBB42 /* MiksingTests.swift */ = {isa = PBXFileReference; lastKnownFileType = sourcecode.swift; path = MiksingTests.swift; sourceTree = "<group>"; };
		020DDE6B24286AFE000DBB42 /* Info.plist */ = {isa = PBXFileReference; lastKnownFileType = text.plist.xml; path = Info.plist; sourceTree = "<group>"; };
		020DDE7024286AFE000DBB42 /* MiksingUITests.xctest */ = {isa = PBXFileReference; explicitFileType = wrapper.cfbundle; includeInIndex = 0; path = MiksingUITests.xctest; sourceTree = BUILT_PRODUCTS_DIR; };
		020DDE7424286AFE000DBB42 /* MiksingUITests.swift */ = {isa = PBXFileReference; lastKnownFileType = sourcecode.swift; path = MiksingUITests.swift; sourceTree = "<group>"; };
		020DDE7624286AFE000DBB42 /* Info.plist */ = {isa = PBXFileReference; lastKnownFileType = text.plist.xml; path = Info.plist; sourceTree = "<group>"; };
		020DDE842428EE84000DBB42 /* GoogleService-Info.plist */ = {isa = PBXFileReference; fileEncoding = 4; lastKnownFileType = text.plist.xml; path = "GoogleService-Info.plist"; sourceTree = "<group>"; };
		023A34E3244CFAE1001AD8C2 /* ViewCollection.swift */ = {isa = PBXFileReference; lastKnownFileType = sourcecode.swift; path = ViewCollection.swift; sourceTree = "<group>"; };
		0243A969242F6DD200E028F4 /* Song.swift */ = {isa = PBXFileReference; lastKnownFileType = sourcecode.swift; path = Song.swift; sourceTree = "<group>"; };
		0243A96A242F6DD200E028F4 /* SongProperties.swift */ = {isa = PBXFileReference; lastKnownFileType = sourcecode.swift; path = SongProperties.swift; sourceTree = "<group>"; };
		0243A96D242F81E200E028F4 /* DataNotation.swift */ = {isa = PBXFileReference; lastKnownFileType = sourcecode.swift; path = DataNotation.swift; sourceTree = "<group>"; };
		0243A974242FCEC100E028F4 /* TubeController.swift */ = {isa = PBXFileReference; lastKnownFileType = sourcecode.swift; path = TubeController.swift; sourceTree = "<group>"; };
		0243A976242FCF9800E028F4 /* ListController.swift */ = {isa = PBXFileReference; lastKnownFileType = sourcecode.swift; path = ListController.swift; sourceTree = "<group>"; };
		0243A982242FF62100E028F4 /* en */ = {isa = PBXFileReference; lastKnownFileType = text.plist.strings; name = en; path = en.lproj/TubeLocalizable.strings; sourceTree = "<group>"; };
		0243A984242FF64600E028F4 /* fr */ = {isa = PBXFileReference; lastKnownFileType = text.plist.strings; name = fr; path = fr.lproj/TubeLocalizable.strings; sourceTree = "<group>"; };
		0243A98E242FFBD900E028F4 /* Base */ = {isa = PBXFileReference; lastKnownFileType = file.storyboard; name = Base; path = Base.lproj/HomeScreen.storyboard; sourceTree = "<group>"; };
		0243A991242FFBDC00E028F4 /* fr */ = {isa = PBXFileReference; lastKnownFileType = text.plist.strings; name = fr; path = fr.lproj/HomeScreen.strings; sourceTree = "<group>"; };
		0251780B24293A0E0080EC2D /* DataRealtime.swift */ = {isa = PBXFileReference; lastKnownFileType = sourcecode.swift; path = DataRealtime.swift; sourceTree = "<group>"; };
		02517817242956650080EC2D /* SongController.swift */ = {isa = PBXFileReference; lastKnownFileType = sourcecode.swift; path = SongController.swift; sourceTree = "<group>"; };
		0251781924296F980080EC2D /* SongSelected.swift */ = {isa = PBXFileReference; lastKnownFileType = sourcecode.swift; path = SongSelected.swift; sourceTree = "<group>"; };
		0251781D242979430080EC2D /* ListRow.swift */ = {isa = PBXFileReference; lastKnownFileType = sourcecode.swift; path = ListRow.swift; sourceTree = "<group>"; };
		025C0B63244CC06100F6486E /* logo-animated.mp4 */ = {isa = PBXFileReference; lastKnownFileType = file; path = "logo-animated.mp4"; sourceTree = "<group>"; };
		027EADC1243295B5005EF01A /* HomeController.swift */ = {isa = PBXFileReference; lastKnownFileType = sourcecode.swift; path = HomeController.swift; sourceTree = "<group>"; };
		027EADD12433881A005EF01A /* UserHelper.swift */ = {isa = PBXFileReference; lastKnownFileType = sourcecode.swift; path = UserHelper.swift; sourceTree = "<group>"; };
		027EADD324338F16005EF01A /* Tube.swift */ = {isa = PBXFileReference; lastKnownFileType = sourcecode.swift; path = Tube.swift; sourceTree = "<group>"; };
		027EADD424338F16005EF01A /* TubeProperties.swift */ = {isa = PBXFileReference; lastKnownFileType = sourcecode.swift; path = TubeProperties.swift; sourceTree = "<group>"; };
		027EADD72434D205005EF01A /* TintColor.swift */ = {isa = PBXFileReference; lastKnownFileType = sourcecode.swift; path = TintColor.swift; sourceTree = "<group>"; };
		027EADD92434D520005EF01A /* ListSection.swift */ = {isa = PBXFileReference; lastKnownFileType = sourcecode.swift; path = ListSection.swift; sourceTree = "<group>"; };
		02E37E83244F6E3A00C663BC /* TubeChoices.swift */ = {isa = PBXFileReference; lastKnownFileType = sourcecode.swift; path = TubeChoices.swift; sourceTree = "<group>"; };
		02E37E85244FAB9C00C663BC /* TubeHeader.swift */ = {isa = PBXFileReference; lastKnownFileType = sourcecode.swift; path = TubeHeader.swift; sourceTree = "<group>"; };
		02E59BB324310AB70005D06A /* HomePager.swift */ = {isa = PBXFileReference; lastKnownFileType = sourcecode.swift; path = HomePager.swift; sourceTree = "<group>"; };
		0F8961E805A2009045AB486F /* Pods-MiksingTests.debug.xcconfig */ = {isa = PBXFileReference; includeInIndex = 1; lastKnownFileType = text.xcconfig; name = "Pods-MiksingTests.debug.xcconfig"; path = "Target Support Files/Pods-MiksingTests/Pods-MiksingTests.debug.xcconfig"; sourceTree = "<group>"; };
		31B3133834A6CA6F0B8227F0 /* libPods-Miksing.a */ = {isa = PBXFileReference; explicitFileType = archive.ar; includeInIndex = 0; path = "libPods-Miksing.a"; sourceTree = BUILT_PRODUCTS_DIR; };
		46BA42535400CECD59EC7523 /* libPods-Miksing-MiksingUITests.a */ = {isa = PBXFileReference; explicitFileType = archive.ar; includeInIndex = 0; path = "libPods-Miksing-MiksingUITests.a"; sourceTree = BUILT_PRODUCTS_DIR; };
		70FC4D230F148CD97D0E319D /* Pods-MiksingTests.release.xcconfig */ = {isa = PBXFileReference; includeInIndex = 1; lastKnownFileType = text.xcconfig; name = "Pods-MiksingTests.release.xcconfig"; path = "Target Support Files/Pods-MiksingTests/Pods-MiksingTests.release.xcconfig"; sourceTree = "<group>"; };
		8B881BE49A2EBEC119FDFDC2 /* Pods-Miksing.debug.xcconfig */ = {isa = PBXFileReference; includeInIndex = 1; lastKnownFileType = text.xcconfig; name = "Pods-Miksing.debug.xcconfig"; path = "Target Support Files/Pods-Miksing/Pods-Miksing.debug.xcconfig"; sourceTree = "<group>"; };
		9CEC108DA347A3C2F822D48E /* Pods-Miksing-MiksingUITests.release.xcconfig */ = {isa = PBXFileReference; includeInIndex = 1; lastKnownFileType = text.xcconfig; name = "Pods-Miksing-MiksingUITests.release.xcconfig"; path = "Target Support Files/Pods-Miksing-MiksingUITests/Pods-Miksing-MiksingUITests.release.xcconfig"; sourceTree = "<group>"; };
		9FFB881847B2E4FF2A6B9CC7 /* Pods-Miksing.release.xcconfig */ = {isa = PBXFileReference; includeInIndex = 1; lastKnownFileType = text.xcconfig; name = "Pods-Miksing.release.xcconfig"; path = "Target Support Files/Pods-Miksing/Pods-Miksing.release.xcconfig"; sourceTree = "<group>"; };
		E8DC5DD92E390577D9A35959 /* libPods-MiksingTests.a */ = {isa = PBXFileReference; explicitFileType = archive.ar; includeInIndex = 0; path = "libPods-MiksingTests.a"; sourceTree = BUILT_PRODUCTS_DIR; };
		EE1400839C82B4C7809EF591 /* Pods-Miksing-MiksingUITests.debug.xcconfig */ = {isa = PBXFileReference; includeInIndex = 1; lastKnownFileType = text.xcconfig; name = "Pods-Miksing-MiksingUITests.debug.xcconfig"; path = "Target Support Files/Pods-Miksing-MiksingUITests/Pods-Miksing-MiksingUITests.debug.xcconfig"; sourceTree = "<group>"; };
/* End PBXFileReference section */

/* Begin PBXFrameworksBuildPhase section */
		020DDE4924286AFC000DBB42 /* Frameworks */ = {
			isa = PBXFrameworksBuildPhase;
			buildActionMask = 2147483647;
			files = (
				412D002F261992573F7DBF8C /* libPods-Miksing.a in Frameworks */,
			);
			runOnlyForDeploymentPostprocessing = 0;
		};
		020DDE6224286AFE000DBB42 /* Frameworks */ = {
			isa = PBXFrameworksBuildPhase;
			buildActionMask = 2147483647;
			files = (
				23BD2E390CAC68383577311C /* libPods-MiksingTests.a in Frameworks */,
			);
			runOnlyForDeploymentPostprocessing = 0;
		};
		020DDE6D24286AFE000DBB42 /* Frameworks */ = {
			isa = PBXFrameworksBuildPhase;
			buildActionMask = 2147483647;
			files = (
				DCD89111F309439E237570A8 /* libPods-Miksing-MiksingUITests.a in Frameworks */,
			);
			runOnlyForDeploymentPostprocessing = 0;
		};
/* End PBXFrameworksBuildPhase section */

/* Begin PBXGroup section */
		02054B7F2429B7AB003F886B /* Core */ = {
			isa = PBXGroup;
			children = (
				02054B822429CFB0003F886B /* Play */,
			);
			path = Core;
			sourceTree = "<group>";
		};
		02054B822429CFB0003F886B /* Play */ = {
			isa = PBXGroup;
			children = (
				02054B802429B7E0003F886B /* PlayVideo.swift */,
				02054B832429CFEF003F886B /* PlayWeb.swift */,
			);
			path = Play;
			sourceTree = "<group>";
		};
		02054B88242A37D8003F886B /* Assets */ = {
			isa = PBXGroup;
			children = (
				020DDE5824286AFE000DBB42 /* Assets.xcassets */,
				025C0B63244CC06100F6486E /* logo-animated.mp4 */,
				02054B85242A3514003F886B /* youtube.html */,
			);
			path = Assets;
			sourceTree = "<group>";
		};
		02054B8B242A4475003F886B /* Base */ = {
			isa = PBXGroup;
			children = (
				02B51F15244C978900B0B8E2 /* Tint */,
				023A34E2244CFACB001AD8C2 /* View */,
				020DDE5D24286AFE000DBB42 /* BaseScreen.storyboard */,
			);
			path = Base;
			sourceTree = "<group>";
		};
		020DDE4324286AFC000DBB42 = {
			isa = PBXGroup;
			children = (
				020DDE4E24286AFC000DBB42 /* Miksing */,
				020DDE6824286AFE000DBB42 /* MiksingTests */,
				020DDE7324286AFE000DBB42 /* MiksingUITests */,
				020DDE4D24286AFC000DBB42 /* Products */,
				83E5ED8453FB22CCAD6A40C1 /* Pods */,
				DCF11F71799125B2CC8DD298 /* Frameworks */,
			);
			sourceTree = "<group>";
		};
		020DDE4D24286AFC000DBB42 /* Products */ = {
			isa = PBXGroup;
			children = (
				020DDE4C24286AFC000DBB42 /* Miksing.app */,
				020DDE6524286AFE000DBB42 /* MiksingTests.xctest */,
				020DDE7024286AFE000DBB42 /* MiksingUITests.xctest */,
			);
			name = Products;
			sourceTree = "<group>";
		};
		020DDE4E24286AFC000DBB42 /* Miksing */ = {
			isa = PBXGroup;
			children = (
				02054B88242A37D8003F886B /* Assets */,
				02054B8B242A4475003F886B /* Base */,
				02054B7F2429B7AB003F886B /* Core */,
				0251780A242939E50080EC2D /* Data */,
				025177C8242919CB0080EC2D /* Home */,
				020DDE4F24286AFC000DBB42 /* AppDelegate.swift */,
				020DDE842428EE84000DBB42 /* GoogleService-Info.plist */,
				020DDE6024286AFE000DBB42 /* Info.plist */,
				020DDE5A24286AFE000DBB42 /* Preview Content */,
			);
			path = Miksing;
			sourceTree = "<group>";
		};
		020DDE5A24286AFE000DBB42 /* Preview Content */ = {
			isa = PBXGroup;
			children = (
				020DDE5B24286AFE000DBB42 /* Preview Assets.xcassets */,
			);
			path = "Preview Content";
			sourceTree = "<group>";
		};
		020DDE6824286AFE000DBB42 /* MiksingTests */ = {
			isa = PBXGroup;
			children = (
				020DDE6924286AFE000DBB42 /* MiksingTests.swift */,
				020DDE6B24286AFE000DBB42 /* Info.plist */,
			);
			path = MiksingTests;
			sourceTree = "<group>";
		};
		020DDE7324286AFE000DBB42 /* MiksingUITests */ = {
			isa = PBXGroup;
			children = (
				020DDE7424286AFE000DBB42 /* MiksingUITests.swift */,
				020DDE7624286AFE000DBB42 /* Info.plist */,
			);
			path = MiksingUITests;
			sourceTree = "<group>";
		};
		023A34E2244CFACB001AD8C2 /* View */ = {
			isa = PBXGroup;
			children = (
				023A34E3244CFAE1001AD8C2 /* ViewCollection.swift */,
			);
			path = View;
			sourceTree = "<group>";
		};
		0243A960242F663000E028F4 /* Song */ = {
			isa = PBXGroup;
			children = (
				0243A969242F6DD200E028F4 /* Song.swift */,
				0243A96A242F6DD200E028F4 /* SongProperties.swift */,
			);
			path = Song;
			sourceTree = "<group>";
		};
		0243A971242FCE3B00E028F4 /* Tube */ = {
			isa = PBXGroup;
			children = (
				0243A974242FCEC100E028F4 /* TubeController.swift */,
				0243A983242FF62100E028F4 /* TubeLocalizable.strings */,
				02E37E85244FAB9C00C663BC /* TubeHeader.swift */,
			);
			path = Tube;
			sourceTree = "<group>";
		};
		0243A978242FD21800E028F4 /* List */ = {
			isa = PBXGroup;
			children = (
				02517816242956020080EC2D /* Song */,
				0243A971242FCE3B00E028F4 /* Tube */,
				0243A976242FCF9800E028F4 /* ListController.swift */,
				0251781D242979430080EC2D /* ListRow.swift */,
				027EADD92434D520005EF01A /* ListSection.swift */,
			);
			path = List;
			sourceTree = "<group>";
		};
		0243A979242FEF1A00E028F4 /* Tube */ = {
			isa = PBXGroup;
			children = (
				027EADD324338F16005EF01A /* Tube.swift */,
				02E37E83244F6E3A00C663BC /* TubeChoices.swift */,
				027EADD424338F16005EF01A /* TubeProperties.swift */,
			);
			path = Tube;
			sourceTree = "<group>";
		};
		025177C8242919CB0080EC2D /* Home */ = {
			isa = PBXGroup;
			children = (
				0243A978242FD21800E028F4 /* List */,
				027EADC1243295B5005EF01A /* HomeController.swift */,
				02E59BB324310AB70005D06A /* HomePager.swift */,
				0243A98F242FFBD900E028F4 /* HomeScreen.storyboard */,
			);
			path = Home;
			sourceTree = "<group>";
		};
		0251780A242939E50080EC2D /* Data */ = {
			isa = PBXGroup;
			children = (
				027EADD024338801005EF01A /* User */,
				0243A960242F663000E028F4 /* Song */,
				0243A979242FEF1A00E028F4 /* Tube */,
				020DDE5324286AFC000DBB42 /* DataModel.xcdatamodeld */,
				0251780B24293A0E0080EC2D /* DataRealtime.swift */,
				0243A96D242F81E200E028F4 /* DataNotation.swift */,
			);
			path = Data;
			sourceTree = "<group>";
		};
		02517816242956020080EC2D /* Song */ = {
			isa = PBXGroup;
			children = (
				02517817242956650080EC2D /* SongController.swift */,
				0251781924296F980080EC2D /* SongSelected.swift */,
			);
			path = Song;
			sourceTree = "<group>";
		};
		027EADD024338801005EF01A /* User */ = {
			isa = PBXGroup;
			children = (
				027EADD12433881A005EF01A /* UserHelper.swift */,
			);
			path = User;
			sourceTree = "<group>";
		};
		02B51F15244C978900B0B8E2 /* Tint */ = {
			isa = PBXGroup;
			children = (
				027EADD72434D205005EF01A /* TintColor.swift */,
			);
			path = Tint;
			sourceTree = "<group>";
		};
		83E5ED8453FB22CCAD6A40C1 /* Pods */ = {
			isa = PBXGroup;
			children = (
				8B881BE49A2EBEC119FDFDC2 /* Pods-Miksing.debug.xcconfig */,
				9FFB881847B2E4FF2A6B9CC7 /* Pods-Miksing.release.xcconfig */,
				EE1400839C82B4C7809EF591 /* Pods-Miksing-MiksingUITests.debug.xcconfig */,
				9CEC108DA347A3C2F822D48E /* Pods-Miksing-MiksingUITests.release.xcconfig */,
				0F8961E805A2009045AB486F /* Pods-MiksingTests.debug.xcconfig */,
				70FC4D230F148CD97D0E319D /* Pods-MiksingTests.release.xcconfig */,
			);
			path = Pods;
			sourceTree = "<group>";
		};
		DCF11F71799125B2CC8DD298 /* Frameworks */ = {
			isa = PBXGroup;
			children = (
				31B3133834A6CA6F0B8227F0 /* libPods-Miksing.a */,
				46BA42535400CECD59EC7523 /* libPods-Miksing-MiksingUITests.a */,
				E8DC5DD92E390577D9A35959 /* libPods-MiksingTests.a */,
			);
			name = Frameworks;
			sourceTree = "<group>";
		};
/* End PBXGroup section */

/* Begin PBXNativeTarget section */
		020DDE4B24286AFC000DBB42 /* Miksing */ = {
			isa = PBXNativeTarget;
			buildConfigurationList = 020DDE7924286AFE000DBB42 /* Build configuration list for PBXNativeTarget "Miksing" */;
			buildPhases = (
				61784C3B1E783CD78061506A /* [CP] Check Pods Manifest.lock */,
				020DDE4824286AFC000DBB42 /* Sources */,
				020DDE4924286AFC000DBB42 /* Frameworks */,
				020DDE4A24286AFC000DBB42 /* Resources */,
			);
			buildRules = (
			);
			dependencies = (
			);
			name = Miksing;
			productName = Miksing;
			productReference = 020DDE4C24286AFC000DBB42 /* Miksing.app */;
			productType = "com.apple.product-type.application";
		};
		020DDE6424286AFE000DBB42 /* MiksingTests */ = {
			isa = PBXNativeTarget;
			buildConfigurationList = 020DDE7C24286AFE000DBB42 /* Build configuration list for PBXNativeTarget "MiksingTests" */;
			buildPhases = (
				C21A9E33B0CFE424543CD113 /* [CP] Check Pods Manifest.lock */,
				020DDE6124286AFE000DBB42 /* Sources */,
				020DDE6224286AFE000DBB42 /* Frameworks */,
				020DDE6324286AFE000DBB42 /* Resources */,
			);
			buildRules = (
			);
			dependencies = (
				020DDE6724286AFE000DBB42 /* PBXTargetDependency */,
			);
			name = MiksingTests;
			productName = MiksingTests;
			productReference = 020DDE6524286AFE000DBB42 /* MiksingTests.xctest */;
			productType = "com.apple.product-type.bundle.unit-test";
		};
		020DDE6F24286AFE000DBB42 /* MiksingUITests */ = {
			isa = PBXNativeTarget;
			buildConfigurationList = 020DDE7F24286AFE000DBB42 /* Build configuration list for PBXNativeTarget "MiksingUITests" */;
			buildPhases = (
				A4DA00433BD290A3A8D50DF8 /* [CP] Check Pods Manifest.lock */,
				020DDE6C24286AFE000DBB42 /* Sources */,
				020DDE6D24286AFE000DBB42 /* Frameworks */,
				020DDE6E24286AFE000DBB42 /* Resources */,
			);
			buildRules = (
			);
			dependencies = (
				020DDE7224286AFE000DBB42 /* PBXTargetDependency */,
			);
			name = MiksingUITests;
			productName = MiksingUITests;
			productReference = 020DDE7024286AFE000DBB42 /* MiksingUITests.xctest */;
			productType = "com.apple.product-type.bundle.ui-testing";
		};
/* End PBXNativeTarget section */

/* Begin PBXProject section */
		020DDE4424286AFC000DBB42 /* Project object */ = {
			isa = PBXProject;
			attributes = {
				LastSwiftUpdateCheck = 1130;
				LastUpgradeCheck = 1130;
				ORGANIZATIONNAME = Tregz;
				TargetAttributes = {
					020DDE4B24286AFC000DBB42 = {
						CreatedOnToolsVersion = 11.3.1;
					};
					020DDE6424286AFE000DBB42 = {
						CreatedOnToolsVersion = 11.3.1;
						TestTargetID = 020DDE4B24286AFC000DBB42;
					};
					020DDE6F24286AFE000DBB42 = {
						CreatedOnToolsVersion = 11.3.1;
						TestTargetID = 020DDE4B24286AFC000DBB42;
					};
				};
			};
			buildConfigurationList = 020DDE4724286AFC000DBB42 /* Build configuration list for PBXProject "Miksing" */;
			compatibilityVersion = "Xcode 9.3";
			developmentRegion = en;
			hasScannedForEncodings = 0;
			knownRegions = (
				en,
				Base,
				fr,
			);
			mainGroup = 020DDE4324286AFC000DBB42;
			productRefGroup = 020DDE4D24286AFC000DBB42 /* Products */;
			projectDirPath = "";
			projectRoot = "";
			targets = (
				020DDE4B24286AFC000DBB42 /* Miksing */,
				020DDE6424286AFE000DBB42 /* MiksingTests */,
				020DDE6F24286AFE000DBB42 /* MiksingUITests */,
			);
		};
/* End PBXProject section */

/* Begin PBXResourcesBuildPhase section */
		020DDE4A24286AFC000DBB42 /* Resources */ = {
			isa = PBXResourcesBuildPhase;
			buildActionMask = 2147483647;
			files = (
				020DDE5F24286AFE000DBB42 /* BaseScreen.storyboard in Resources */,
				025C0B64244CC06100F6486E /* logo-animated.mp4 in Resources */,
				0243A981242FF62100E028F4 /* TubeLocalizable.strings in Resources */,
				020DDE852428EE84000DBB42 /* GoogleService-Info.plist in Resources */,
				020DDE5C24286AFE000DBB42 /* Preview Assets.xcassets in Resources */,
				0243A98D242FFBD900E028F4 /* HomeScreen.storyboard in Resources */,
				02054B86242A3514003F886B /* youtube.html in Resources */,
				020DDE5924286AFE000DBB42 /* Assets.xcassets in Resources */,
			);
			runOnlyForDeploymentPostprocessing = 0;
		};
		020DDE6324286AFE000DBB42 /* Resources */ = {
			isa = PBXResourcesBuildPhase;
			buildActionMask = 2147483647;
			files = (
			);
			runOnlyForDeploymentPostprocessing = 0;
		};
		020DDE6E24286AFE000DBB42 /* Resources */ = {
			isa = PBXResourcesBuildPhase;
			buildActionMask = 2147483647;
			files = (
			);
			runOnlyForDeploymentPostprocessing = 0;
		};
/* End PBXResourcesBuildPhase section */

/* Begin PBXShellScriptBuildPhase section */
		61784C3B1E783CD78061506A /* [CP] Check Pods Manifest.lock */ = {
			isa = PBXShellScriptBuildPhase;
			buildActionMask = 2147483647;
			files = (
			);
			inputFileListPaths = (
			);
			inputPaths = (
				"${PODS_PODFILE_DIR_PATH}/Podfile.lock",
				"${PODS_ROOT}/Manifest.lock",
			);
			name = "[CP] Check Pods Manifest.lock";
			outputFileListPaths = (
			);
			outputPaths = (
				"$(DERIVED_FILE_DIR)/Pods-Miksing-checkManifestLockResult.txt",
			);
			runOnlyForDeploymentPostprocessing = 0;
			shellPath = /bin/sh;
			shellScript = "diff \"${PODS_PODFILE_DIR_PATH}/Podfile.lock\" \"${PODS_ROOT}/Manifest.lock\" > /dev/null\nif [ $? != 0 ] ; then\n    # print error to STDERR\n    echo \"error: The sandbox is not in sync with the Podfile.lock. Run 'pod install' or update your CocoaPods installation.\" >&2\n    exit 1\nfi\n# This output is used by Xcode 'outputs' to avoid re-running this script phase.\necho \"SUCCESS\" > \"${SCRIPT_OUTPUT_FILE_0}\"\n";
			showEnvVarsInLog = 0;
		};
		A4DA00433BD290A3A8D50DF8 /* [CP] Check Pods Manifest.lock */ = {
			isa = PBXShellScriptBuildPhase;
			buildActionMask = 2147483647;
			files = (
			);
			inputFileListPaths = (
			);
			inputPaths = (
				"${PODS_PODFILE_DIR_PATH}/Podfile.lock",
				"${PODS_ROOT}/Manifest.lock",
			);
			name = "[CP] Check Pods Manifest.lock";
			outputFileListPaths = (
			);
			outputPaths = (
				"$(DERIVED_FILE_DIR)/Pods-Miksing-MiksingUITests-checkManifestLockResult.txt",
			);
			runOnlyForDeploymentPostprocessing = 0;
			shellPath = /bin/sh;
			shellScript = "diff \"${PODS_PODFILE_DIR_PATH}/Podfile.lock\" \"${PODS_ROOT}/Manifest.lock\" > /dev/null\nif [ $? != 0 ] ; then\n    # print error to STDERR\n    echo \"error: The sandbox is not in sync with the Podfile.lock. Run 'pod install' or update your CocoaPods installation.\" >&2\n    exit 1\nfi\n# This output is used by Xcode 'outputs' to avoid re-running this script phase.\necho \"SUCCESS\" > \"${SCRIPT_OUTPUT_FILE_0}\"\n";
			showEnvVarsInLog = 0;
		};
		C21A9E33B0CFE424543CD113 /* [CP] Check Pods Manifest.lock */ = {
			isa = PBXShellScriptBuildPhase;
			buildActionMask = 2147483647;
			files = (
			);
			inputFileListPaths = (
			);
			inputPaths = (
				"${PODS_PODFILE_DIR_PATH}/Podfile.lock",
				"${PODS_ROOT}/Manifest.lock",
			);
			name = "[CP] Check Pods Manifest.lock";
			outputFileListPaths = (
			);
			outputPaths = (
				"$(DERIVED_FILE_DIR)/Pods-MiksingTests-checkManifestLockResult.txt",
			);
			runOnlyForDeploymentPostprocessing = 0;
			shellPath = /bin/sh;
			shellScript = "diff \"${PODS_PODFILE_DIR_PATH}/Podfile.lock\" \"${PODS_ROOT}/Manifest.lock\" > /dev/null\nif [ $? != 0 ] ; then\n    # print error to STDERR\n    echo \"error: The sandbox is not in sync with the Podfile.lock. Run 'pod install' or update your CocoaPods installation.\" >&2\n    exit 1\nfi\n# This output is used by Xcode 'outputs' to avoid re-running this script phase.\necho \"SUCCESS\" > \"${SCRIPT_OUTPUT_FILE_0}\"\n";
			showEnvVarsInLog = 0;
		};
/* End PBXShellScriptBuildPhase section */

/* Begin PBXSourcesBuildPhase section */
		020DDE4824286AFC000DBB42 /* Sources */ = {
			isa = PBXSourcesBuildPhase;
			buildActionMask = 2147483647;
			files = (
				02054B812429B7E0003F886B /* PlayVideo.swift in Sources */,
				02E37E84244F6E3A00C663BC /* TubeChoices.swift in Sources */,
				020DDE5024286AFC000DBB42 /* AppDelegate.swift in Sources */,
				02E37E86244FAB9C00C663BC /* TubeHeader.swift in Sources */,
				02517818242956650080EC2D /* SongController.swift in Sources */,
				027EADD82434D205005EF01A /* TintColor.swift in Sources */,
				0251781E242979430080EC2D /* ListRow.swift in Sources */,
				027EADDA2434D520005EF01A /* ListSection.swift in Sources */,
				0243A96C242F6DD200E028F4 /* SongProperties.swift in Sources */,
				027EADD22433881A005EF01A /* UserHelper.swift in Sources */,
				02054B842429CFEF003F886B /* PlayWeb.swift in Sources */,
				027EADD524338F16005EF01A /* Tube.swift in Sources */,
				0251780C24293A0E0080EC2D /* DataRealtime.swift in Sources */,
				020DDE5524286AFC000DBB42 /* DataModel.xcdatamodeld in Sources */,
				0251781A24296F980080EC2D /* SongSelected.swift in Sources */,
				0243A96E242F81E200E028F4 /* DataNotation.swift in Sources */,
				0243A977242FCF9800E028F4 /* ListController.swift in Sources */,
				027EADC2243295B5005EF01A /* HomeController.swift in Sources */,
				0243A975242FCEC100E028F4 /* TubeController.swift in Sources */,
				023A34E4244CFAE1001AD8C2 /* ViewCollection.swift in Sources */,
				02E59BB424310AB80005D06A /* HomePager.swift in Sources */,
				0243A96B242F6DD200E028F4 /* Song.swift in Sources */,
				027EADD624338F16005EF01A /* TubeProperties.swift in Sources */,
			);
			runOnlyForDeploymentPostprocessing = 0;
		};
		020DDE6124286AFE000DBB42 /* Sources */ = {
			isa = PBXSourcesBuildPhase;
			buildActionMask = 2147483647;
			files = (
				020DDE6A24286AFE000DBB42 /* MiksingTests.swift in Sources */,
			);
			runOnlyForDeploymentPostprocessing = 0;
		};
		020DDE6C24286AFE000DBB42 /* Sources */ = {
			isa = PBXSourcesBuildPhase;
			buildActionMask = 2147483647;
			files = (
				020DDE7524286AFE000DBB42 /* MiksingUITests.swift in Sources */,
			);
			runOnlyForDeploymentPostprocessing = 0;
		};
/* End PBXSourcesBuildPhase section */

/* Begin PBXTargetDependency section */
		020DDE6724286AFE000DBB42 /* PBXTargetDependency */ = {
			isa = PBXTargetDependency;
			target = 020DDE4B24286AFC000DBB42 /* Miksing */;
			targetProxy = 020DDE6624286AFE000DBB42 /* PBXContainerItemProxy */;
		};
		020DDE7224286AFE000DBB42 /* PBXTargetDependency */ = {
			isa = PBXTargetDependency;
			target = 020DDE4B24286AFC000DBB42 /* Miksing */;
			targetProxy = 020DDE7124286AFE000DBB42 /* PBXContainerItemProxy */;
		};
/* End PBXTargetDependency section */

/* Begin PBXVariantGroup section */
		020DDE5D24286AFE000DBB42 /* BaseScreen.storyboard */ = {
			isa = PBXVariantGroup;
			children = (
				020DDE5E24286AFE000DBB42 /* Base */,
			);
			name = BaseScreen.storyboard;
			sourceTree = "<group>";
		};
		0243A983242FF62100E028F4 /* TubeLocalizable.strings */ = {
			isa = PBXVariantGroup;
			children = (
				0243A982242FF62100E028F4 /* en */,
				0243A984242FF64600E028F4 /* fr */,
			);
			name = TubeLocalizable.strings;
			sourceTree = "<group>";
		};
		0243A98F242FFBD900E028F4 /* HomeScreen.storyboard */ = {
			isa = PBXVariantGroup;
			children = (
				0243A98E242FFBD900E028F4 /* Base */,
				0243A991242FFBDC00E028F4 /* fr */,
			);
			name = HomeScreen.storyboard;
			sourceTree = "<group>";
		};
/* End PBXVariantGroup section */

/* Begin XCBuildConfiguration section */
		020DDE7724286AFE000DBB42 /* Debug */ = {
			isa = XCBuildConfiguration;
			buildSettings = {
				ALWAYS_SEARCH_USER_PATHS = NO;
				CLANG_ANALYZER_LOCALIZABILITY_NONLOCALIZED = YES;
				CLANG_ANALYZER_NONNULL = YES;
				CLANG_ANALYZER_NUMBER_OBJECT_CONVERSION = YES_AGGRESSIVE;
				CLANG_CXX_LANGUAGE_STANDARD = "gnu++14";
				CLANG_CXX_LIBRARY = "libc++";
				CLANG_ENABLE_MODULES = YES;
				CLANG_ENABLE_OBJC_ARC = YES;
				CLANG_ENABLE_OBJC_WEAK = YES;
				CLANG_WARN_BLOCK_CAPTURE_AUTORELEASING = YES;
				CLANG_WARN_BOOL_CONVERSION = YES;
				CLANG_WARN_COMMA = YES;
				CLANG_WARN_CONSTANT_CONVERSION = YES;
				CLANG_WARN_DEPRECATED_OBJC_IMPLEMENTATIONS = YES;
				CLANG_WARN_DIRECT_OBJC_ISA_USAGE = YES_ERROR;
				CLANG_WARN_DOCUMENTATION_COMMENTS = YES;
				CLANG_WARN_EMPTY_BODY = YES;
				CLANG_WARN_ENUM_CONVERSION = YES;
				CLANG_WARN_INFINITE_RECURSION = YES;
				CLANG_WARN_INT_CONVERSION = YES;
				CLANG_WARN_NON_LITERAL_NULL_CONVERSION = YES;
				CLANG_WARN_OBJC_IMPLICIT_RETAIN_SELF = YES;
				CLANG_WARN_OBJC_LITERAL_CONVERSION = YES;
				CLANG_WARN_OBJC_ROOT_CLASS = YES_ERROR;
				CLANG_WARN_RANGE_LOOP_ANALYSIS = YES;
				CLANG_WARN_STRICT_PROTOTYPES = YES;
				CLANG_WARN_SUSPICIOUS_MOVE = YES;
				CLANG_WARN_UNGUARDED_AVAILABILITY = YES_AGGRESSIVE;
				CLANG_WARN_UNREACHABLE_CODE = YES;
				CLANG_WARN__DUPLICATE_METHOD_MATCH = YES;
				COPY_PHASE_STRIP = NO;
				DEBUG_INFORMATION_FORMAT = dwarf;
				ENABLE_STRICT_OBJC_MSGSEND = YES;
				ENABLE_TESTABILITY = YES;
				GCC_C_LANGUAGE_STANDARD = gnu11;
				GCC_DYNAMIC_NO_PIC = NO;
				GCC_NO_COMMON_BLOCKS = YES;
				GCC_OPTIMIZATION_LEVEL = 0;
				GCC_PREPROCESSOR_DEFINITIONS = (
					"DEBUG=1",
					"$(inherited)",
				);
				GCC_WARN_64_TO_32_BIT_CONVERSION = YES;
				GCC_WARN_ABOUT_RETURN_TYPE = YES_ERROR;
				GCC_WARN_UNDECLARED_SELECTOR = YES;
				GCC_WARN_UNINITIALIZED_AUTOS = YES_AGGRESSIVE;
				GCC_WARN_UNUSED_FUNCTION = YES;
				GCC_WARN_UNUSED_VARIABLE = YES;
				IPHONEOS_DEPLOYMENT_TARGET = 10.0;
				MTL_ENABLE_DEBUG_INFO = INCLUDE_SOURCE;
				MTL_FAST_MATH = YES;
				ONLY_ACTIVE_ARCH = YES;
				SDKROOT = iphoneos;
				SWIFT_ACTIVE_COMPILATION_CONDITIONS = DEBUG;
				SWIFT_OPTIMIZATION_LEVEL = "-Onone";
			};
			name = Debug;
		};
		020DDE7824286AFE000DBB42 /* Release */ = {
			isa = XCBuildConfiguration;
			buildSettings = {
				ALWAYS_SEARCH_USER_PATHS = NO;
				CLANG_ANALYZER_LOCALIZABILITY_NONLOCALIZED = YES;
				CLANG_ANALYZER_NONNULL = YES;
				CLANG_ANALYZER_NUMBER_OBJECT_CONVERSION = YES_AGGRESSIVE;
				CLANG_CXX_LANGUAGE_STANDARD = "gnu++14";
				CLANG_CXX_LIBRARY = "libc++";
				CLANG_ENABLE_MODULES = YES;
				CLANG_ENABLE_OBJC_ARC = YES;
				CLANG_ENABLE_OBJC_WEAK = YES;
				CLANG_WARN_BLOCK_CAPTURE_AUTORELEASING = YES;
				CLANG_WARN_BOOL_CONVERSION = YES;
				CLANG_WARN_COMMA = YES;
				CLANG_WARN_CONSTANT_CONVERSION = YES;
				CLANG_WARN_DEPRECATED_OBJC_IMPLEMENTATIONS = YES;
				CLANG_WARN_DIRECT_OBJC_ISA_USAGE = YES_ERROR;
				CLANG_WARN_DOCUMENTATION_COMMENTS = YES;
				CLANG_WARN_EMPTY_BODY = YES;
				CLANG_WARN_ENUM_CONVERSION = YES;
				CLANG_WARN_INFINITE_RECURSION = YES;
				CLANG_WARN_INT_CONVERSION = YES;
				CLANG_WARN_NON_LITERAL_NULL_CONVERSION = YES;
				CLANG_WARN_OBJC_IMPLICIT_RETAIN_SELF = YES;
				CLANG_WARN_OBJC_LITERAL_CONVERSION = YES;
				CLANG_WARN_OBJC_ROOT_CLASS = YES_ERROR;
				CLANG_WARN_RANGE_LOOP_ANALYSIS = YES;
				CLANG_WARN_STRICT_PROTOTYPES = YES;
				CLANG_WARN_SUSPICIOUS_MOVE = YES;
				CLANG_WARN_UNGUARDED_AVAILABILITY = YES_AGGRESSIVE;
				CLANG_WARN_UNREACHABLE_CODE = YES;
				CLANG_WARN__DUPLICATE_METHOD_MATCH = YES;
				COPY_PHASE_STRIP = NO;
				DEBUG_INFORMATION_FORMAT = "dwarf-with-dsym";
				ENABLE_NS_ASSERTIONS = NO;
				ENABLE_STRICT_OBJC_MSGSEND = YES;
				GCC_C_LANGUAGE_STANDARD = gnu11;
				GCC_NO_COMMON_BLOCKS = YES;
				GCC_WARN_64_TO_32_BIT_CONVERSION = YES;
				GCC_WARN_ABOUT_RETURN_TYPE = YES_ERROR;
				GCC_WARN_UNDECLARED_SELECTOR = YES;
				GCC_WARN_UNINITIALIZED_AUTOS = YES_AGGRESSIVE;
				GCC_WARN_UNUSED_FUNCTION = YES;
				GCC_WARN_UNUSED_VARIABLE = YES;
				IPHONEOS_DEPLOYMENT_TARGET = 10.0;
				MTL_ENABLE_DEBUG_INFO = NO;
				MTL_FAST_MATH = YES;
				SDKROOT = iphoneos;
				SWIFT_COMPILATION_MODE = wholemodule;
				SWIFT_OPTIMIZATION_LEVEL = "-O";
				VALIDATE_PRODUCT = YES;
			};
			name = Release;
		};
		020DDE7A24286AFE000DBB42 /* Debug */ = {
			isa = XCBuildConfiguration;
			baseConfigurationReference = 8B881BE49A2EBEC119FDFDC2 /* Pods-Miksing.debug.xcconfig */;
			buildSettings = {
				ASSETCATALOG_COMPILER_APPICON_NAME = AppIcon;
				CODE_SIGN_IDENTITY = "Apple Development";
				CODE_SIGN_STYLE = Automatic;
				DEVELOPMENT_ASSET_PATHS = "\"Miksing/Preview Content\"";
				DEVELOPMENT_TEAM = 3FMMXW2D22;
				ENABLE_PREVIEWS = YES;
				INFOPLIST_FILE = Miksing/Info.plist;
				LD_RUNPATH_SEARCH_PATHS = (
					"$(inherited)",
					"@executable_path/Frameworks",
				);
				PRODUCT_BUNDLE_IDENTIFIER = "com.tregz.miksing-ios";
				PRODUCT_NAME = "$(TARGET_NAME)";
				PROVISIONING_PROFILE_SPECIFIER = "";
				SWIFT_VERSION = 5.0;
				TARGETED_DEVICE_FAMILY = "1,2";
			};
			name = Debug;
		};
		020DDE7B24286AFE000DBB42 /* Release */ = {
			isa = XCBuildConfiguration;
			baseConfigurationReference = 9FFB881847B2E4FF2A6B9CC7 /* Pods-Miksing.release.xcconfig */;
			buildSettings = {
				ASSETCATALOG_COMPILER_APPICON_NAME = AppIcon;
				CODE_SIGN_IDENTITY = "Apple Development";
				CODE_SIGN_STYLE = Automatic;
				DEVELOPMENT_ASSET_PATHS = "\"Miksing/Preview Content\"";
				DEVELOPMENT_TEAM = 3FMMXW2D22;
				ENABLE_PREVIEWS = YES;
				INFOPLIST_FILE = Miksing/Info.plist;
				LD_RUNPATH_SEARCH_PATHS = (
					"$(inherited)",
					"@executable_path/Frameworks",
				);
				PRODUCT_BUNDLE_IDENTIFIER = "com.tregz.miksing-ios";
				PRODUCT_NAME = "$(TARGET_NAME)";
				PROVISIONING_PROFILE_SPECIFIER = "";
				SWIFT_VERSION = 5.0;
				TARGETED_DEVICE_FAMILY = "1,2";
			};
			name = Release;
		};
		020DDE7D24286AFE000DBB42 /* Debug */ = {
			isa = XCBuildConfiguration;
			baseConfigurationReference = 0F8961E805A2009045AB486F /* Pods-MiksingTests.debug.xcconfig */;
			buildSettings = {
				ALWAYS_EMBED_SWIFT_STANDARD_LIBRARIES = YES;
				BUNDLE_LOADER = "$(TEST_HOST)";
				CODE_SIGN_STYLE = Automatic;
				INFOPLIST_FILE = MiksingTests/Info.plist;
				IPHONEOS_DEPLOYMENT_TARGET = 13.2;
				LD_RUNPATH_SEARCH_PATHS = (
					"$(inherited)",
					"@executable_path/Frameworks",
					"@loader_path/Frameworks",
				);
				PRODUCT_BUNDLE_IDENTIFIER = com.tregz.MiksingTests;
				PRODUCT_NAME = "$(TARGET_NAME)";
				SWIFT_VERSION = 5.0;
				TARGETED_DEVICE_FAMILY = "1,2";
				TEST_HOST = "$(BUILT_PRODUCTS_DIR)/Miksing.app/Miksing";
			};
			name = Debug;
		};
		020DDE7E24286AFE000DBB42 /* Release */ = {
			isa = XCBuildConfiguration;
			baseConfigurationReference = 70FC4D230F148CD97D0E319D /* Pods-MiksingTests.release.xcconfig */;
			buildSettings = {
				ALWAYS_EMBED_SWIFT_STANDARD_LIBRARIES = YES;
				BUNDLE_LOADER = "$(TEST_HOST)";
				CODE_SIGN_STYLE = Automatic;
				INFOPLIST_FILE = MiksingTests/Info.plist;
				IPHONEOS_DEPLOYMENT_TARGET = 13.2;
				LD_RUNPATH_SEARCH_PATHS = (
					"$(inherited)",
					"@executable_path/Frameworks",
					"@loader_path/Frameworks",
				);
				PRODUCT_BUNDLE_IDENTIFIER = com.tregz.MiksingTests;
				PRODUCT_NAME = "$(TARGET_NAME)";
				SWIFT_VERSION = 5.0;
				TARGETED_DEVICE_FAMILY = "1,2";
				TEST_HOST = "$(BUILT_PRODUCTS_DIR)/Miksing.app/Miksing";
			};
			name = Release;
		};
		020DDE8024286AFE000DBB42 /* Debug */ = {
			isa = XCBuildConfiguration;
			baseConfigurationReference = EE1400839C82B4C7809EF591 /* Pods-Miksing-MiksingUITests.debug.xcconfig */;
			buildSettings = {
				ALWAYS_EMBED_SWIFT_STANDARD_LIBRARIES = YES;
				CODE_SIGN_STYLE = Automatic;
				INFOPLIST_FILE = MiksingUITests/Info.plist;
				LD_RUNPATH_SEARCH_PATHS = (
					"$(inherited)",
					"@executable_path/Frameworks",
					"@loader_path/Frameworks",
				);
				PRODUCT_BUNDLE_IDENTIFIER = com.tregz.MiksingUITests;
				PRODUCT_NAME = "$(TARGET_NAME)";
				SWIFT_VERSION = 5.0;
				TARGETED_DEVICE_FAMILY = "1,2";
				TEST_TARGET_NAME = Miksing;
			};
			name = Debug;
		};
		020DDE8124286AFE000DBB42 /* Release */ = {
			isa = XCBuildConfiguration;
			baseConfigurationReference = 9CEC108DA347A3C2F822D48E /* Pods-Miksing-MiksingUITests.release.xcconfig */;
			buildSettings = {
				ALWAYS_EMBED_SWIFT_STANDARD_LIBRARIES = YES;
				CODE_SIGN_STYLE = Automatic;
				INFOPLIST_FILE = MiksingUITests/Info.plist;
				LD_RUNPATH_SEARCH_PATHS = (
					"$(inherited)",
					"@executable_path/Frameworks",
					"@loader_path/Frameworks",
				);
				PRODUCT_BUNDLE_IDENTIFIER = com.tregz.MiksingUITests;
				PRODUCT_NAME = "$(TARGET_NAME)";
				SWIFT_VERSION = 5.0;
				TARGETED_DEVICE_FAMILY = "1,2";
				TEST_TARGET_NAME = Miksing;
			};
			name = Release;
		};
/* End XCBuildConfiguration section */

/* Begin XCConfigurationList section */
		020DDE4724286AFC000DBB42 /* Build configuration list for PBXProject "Miksing" */ = {
			isa = XCConfigurationList;
			buildConfigurations = (
				020DDE7724286AFE000DBB42 /* Debug */,
				020DDE7824286AFE000DBB42 /* Release */,
			);
			defaultConfigurationIsVisible = 0;
			defaultConfigurationName = Release;
		};
		020DDE7924286AFE000DBB42 /* Build configuration list for PBXNativeTarget "Miksing" */ = {
			isa = XCConfigurationList;
			buildConfigurations = (
				020DDE7A24286AFE000DBB42 /* Debug */,
				020DDE7B24286AFE000DBB42 /* Release */,
			);
			defaultConfigurationIsVisible = 0;
			defaultConfigurationName = Release;
		};
		020DDE7C24286AFE000DBB42 /* Build configuration list for PBXNativeTarget "MiksingTests" */ = {
			isa = XCConfigurationList;
			buildConfigurations = (
				020DDE7D24286AFE000DBB42 /* Debug */,
				020DDE7E24286AFE000DBB42 /* Release */,
			);
			defaultConfigurationIsVisible = 0;
			defaultConfigurationName = Release;
		};
		020DDE7F24286AFE000DBB42 /* Build configuration list for PBXNativeTarget "MiksingUITests" */ = {
			isa = XCConfigurationList;
			buildConfigurations = (
				020DDE8024286AFE000DBB42 /* Debug */,
				020DDE8124286AFE000DBB42 /* Release */,
			);
			defaultConfigurationIsVisible = 0;
			defaultConfigurationName = Release;
		};
/* End XCConfigurationList section */

/* Begin XCVersionGroup section */
		020DDE5324286AFC000DBB42 /* DataModel.xcdatamodeld */ = {
			isa = XCVersionGroup;
			children = (
				020DDE5424286AFC000DBB42 /* Miksing.xcdatamodel */,
			);
			currentVersion = 020DDE5424286AFC000DBB42 /* Miksing.xcdatamodel */;
			path = DataModel.xcdatamodeld;
			sourceTree = "<group>";
			versionGroupType = wrapper.xcdatamodel;
		};
/* End XCVersionGroup section */
	};
	rootObject = 020DDE4424286AFC000DBB42 /* Project object */;
}
